// !$*UTF8*$!
{
	archiveVersion = 1;
	classes = {
	};
	objectVersion = 46;
	objects = {

/* Begin PBXBuildFile section */
		26A96F2910066C02005CE65C /* FreeWRLView.h in Headers */ = {isa = PBXBuildFile; fileRef = F58250CB03E860C8011E699C /* FreeWRLView.h */; settings = {COMPILER_FLAGS = "-DAQUA"; }; };
		26A96F2A10066C02005CE65C /* cfrontend.h in Headers */ = {isa = PBXBuildFile; fileRef = 26D9FF3905C5BCFB0070EC3E /* cfrontend.h */; };
		26A96F2B10066C02005CE65C /* MyApp.h in Headers */ = {isa = PBXBuildFile; fileRef = 26D901C205CAD25F0070EC3E /* MyApp.h */; };
		26A96F2C10066C02005CE65C /* MyWindowController.h in Headers */ = {isa = PBXBuildFile; fileRef = 26D901F205CAD3B50070EC3E /* MyWindowController.h */; };
		26A96F2D10066C02005CE65C /* aquaInterface.h in Headers */ = {isa = PBXBuildFile; fileRef = 262A3D6B05D983570058903B /* aquaInterface.h */; };
		26A96F2E10066C02005CE65C /* wdelegate.h in Headers */ = {isa = PBXBuildFile; fileRef = 266A41A40623305B00292567 /* wdelegate.h */; };
		26A96F3110066C02005CE65C /* MainMenu.nib in Resources */ = {isa = PBXBuildFile; fileRef = 29B97318FDCFA39411CA2CEA /* MainMenu.nib */; };
		26A96F3210066C02005CE65C /* Credits.html in Resources */ = {isa = PBXBuildFile; fileRef = 26EF153509E2F90B00F8E4F2 /* Credits.html */; };
		26A96F3310066C02005CE65C /* FreeWRLHelp.html in Resources */ = {isa = PBXBuildFile; fileRef = 2614AE100B70E88A00757696 /* FreeWRLHelp.html */; };
		26A96F3410066C02005CE65C /* ReWire_Logo.jpg in Resources */ = {isa = PBXBuildFile; fileRef = 262200800BC2BDB200B163E5 /* ReWire_Logo.jpg */; };
		26A96F3510066C02005CE65C /* VRMLFreeWRLIcon.icns in Resources */ = {isa = PBXBuildFile; fileRef = 2681B5640ED36AB700D7C438 /* VRMLFreeWRLIcon.icns */; };
		26A96F3610066C02005CE65C /* X3DFreeWRLIcon.icns in Resources */ = {isa = PBXBuildFile; fileRef = 2681B5670ED36AC200D7C438 /* X3DFreeWRLIcon.icns */; };
		26A96F3810066C02005CE65C /* FreeWRLView.m in Sources */ = {isa = PBXBuildFile; fileRef = F58250CC03E860C8011E699C /* FreeWRLView.m */; };
		26A96F3910066C02005CE65C /* cfrontend.m in Sources */ = {isa = PBXBuildFile; fileRef = 26D9FFC505C84E0D0070EC3E /* cfrontend.m */; };
		26A96F3A10066C02005CE65C /* main.m in Sources */ = {isa = PBXBuildFile; fileRef = 26554F8A05B6F0E100B3E2A8 /* main.m */; };
		26A96F3B10066C02005CE65C /* MyApp.m in Sources */ = {isa = PBXBuildFile; fileRef = 26D901C305CAD25F0070EC3E /* MyApp.m */; };
		26A96F3C10066C02005CE65C /* MyWindowController.m in Sources */ = {isa = PBXBuildFile; fileRef = 26D901F305CAD3B50070EC3E /* MyWindowController.m */; };
		26A96F3D10066C02005CE65C /* wdelegate.m in Sources */ = {isa = PBXBuildFile; fileRef = 266A41A50623305B00292567 /* wdelegate.m */; };
		26A96F3F10066C02005CE65C /* Cocoa.framework in Frameworks */ = {isa = PBXBuildFile; fileRef = 1058C7A1FEA54F0111CA2CBB /* Cocoa.framework */; };
		26A96F4010066C02005CE65C /* GLUT.framework in Frameworks */ = {isa = PBXBuildFile; fileRef = F5BD4F0B03A7C545015C2259 /* GLUT.framework */; };
		26A96F4110066C02005CE65C /* OpenGL.framework in Frameworks */ = {isa = PBXBuildFile; fileRef = F5BD4F1E03A7C558015C2259 /* OpenGL.framework */; };
		26A96F4210066C02005CE65C /* Carbon.framework in Frameworks */ = {isa = PBXBuildFile; fileRef = 26C43D7C07FC52AB009F4D1C /* Carbon.framework */; };
		26A96F4310066C02005CE65C /* CoreFoundation.framework in Frameworks */ = {isa = PBXBuildFile; fileRef = 26C43FE407FC52F7009F4D1C /* CoreFoundation.framework */; };
		26A96F4410066C02005CE65C /* ApplicationServices.framework in Frameworks */ = {isa = PBXBuildFile; fileRef = 26F1C1E90BBAB25E0081EE32 /* ApplicationServices.framework */; };
/* End PBXBuildFile section */

/* Begin PBXFileReference section */
		1058C7A1FEA54F0111CA2CBB /* Cocoa.framework */ = {isa = PBXFileReference; lastKnownFileType = wrapper.framework; name = Cocoa.framework; path = /System/Library/Frameworks/Cocoa.framework; sourceTree = "<absolute>"; };
		2614AE100B70E88A00757696 /* FreeWRLHelp.html */ = {isa = PBXFileReference; fileEncoding = 30; lastKnownFileType = text.html; path = FreeWRLHelp.html; sourceTree = "<group>"; };
		262200800BC2BDB200B163E5 /* ReWire_Logo.jpg */ = {isa = PBXFileReference; lastKnownFileType = image.jpeg; path = ReWire_Logo.jpg; sourceTree = "<group>"; };
		262A3D6B05D983570058903B /* aquaInterface.h */ = {isa = PBXFileReference; fileEncoding = 30; lastKnownFileType = sourcecode.c.h; path = aquaInterface.h; sourceTree = "<group>"; };
		26554F8A05B6F0E100B3E2A8 /* main.m */ = {isa = PBXFileReference; fileEncoding = 4; lastKnownFileType = sourcecode.c.objc; path = main.m; sourceTree = "<group>"; };
		266A41A40623305B00292567 /* wdelegate.h */ = {isa = PBXFileReference; fileEncoding = 4; lastKnownFileType = sourcecode.c.h; path = wdelegate.h; sourceTree = "<group>"; };
		266A41A50623305B00292567 /* wdelegate.m */ = {isa = PBXFileReference; fileEncoding = 4; lastKnownFileType = sourcecode.c.objc; path = wdelegate.m; sourceTree = "<group>"; };
		2681B5640ED36AB700D7C438 /* VRMLFreeWRLIcon.icns */ = {isa = PBXFileReference; lastKnownFileType = image.icns; path = VRMLFreeWRLIcon.icns; sourceTree = "<group>"; };
		2681B5670ED36AC200D7C438 /* X3DFreeWRLIcon.icns */ = {isa = PBXFileReference; lastKnownFileType = image.icns; path = X3DFreeWRLIcon.icns; sourceTree = "<group>"; };
		26A96F6D10066C02005CE65C /* Info-FreeWRL__Upgraded__2.plist */ = {isa = PBXFileReference; lastKnownFileType = text.plist.xml; path = "Info-FreeWRL__Upgraded__2.plist"; sourceTree = "<group>"; };
		26C43D7C07FC52AB009F4D1C /* Carbon.framework */ = {isa = PBXFileReference; lastKnownFileType = wrapper.framework; name = Carbon.framework; path = /System/Library/Frameworks/Carbon.framework; sourceTree = "<absolute>"; };
		26C43FE407FC52F7009F4D1C /* CoreFoundation.framework */ = {isa = PBXFileReference; lastKnownFileType = wrapper.framework; name = CoreFoundation.framework; path = /System/Library/Frameworks/CoreFoundation.framework; sourceTree = "<absolute>"; };
		26D901C205CAD25F0070EC3E /* MyApp.h */ = {isa = PBXFileReference; fileEncoding = 4; lastKnownFileType = sourcecode.c.h; path = MyApp.h; sourceTree = "<group>"; };
		26D901C305CAD25F0070EC3E /* MyApp.m */ = {isa = PBXFileReference; fileEncoding = 4; lastKnownFileType = sourcecode.c.objc; path = MyApp.m; sourceTree = "<group>"; };
		26D901F205CAD3B50070EC3E /* MyWindowController.h */ = {isa = PBXFileReference; fileEncoding = 4; lastKnownFileType = sourcecode.c.h; path = MyWindowController.h; sourceTree = "<group>"; };
		26D901F305CAD3B50070EC3E /* MyWindowController.m */ = {isa = PBXFileReference; fileEncoding = 4; lastKnownFileType = sourcecode.c.objc; path = MyWindowController.m; sourceTree = "<group>"; };
		26D9FF3905C5BCFB0070EC3E /* cfrontend.h */ = {isa = PBXFileReference; fileEncoding = 30; lastKnownFileType = sourcecode.c.h; path = cfrontend.h; sourceTree = "<group>"; };
		26D9FFC505C84E0D0070EC3E /* cfrontend.m */ = {isa = PBXFileReference; fileEncoding = 4; lastKnownFileType = sourcecode.c.objc; path = cfrontend.m; sourceTree = "<group>"; };
		26E17A85100692870074D2FB /* FreeWRL.app */ = {isa = PBXFileReference; explicitFileType = wrapper.application; includeInIndex = 0; path = FreeWRL.app; sourceTree = BUILT_PRODUCTS_DIR; };
		26EF153509E2F90B00F8E4F2 /* Credits.html */ = {isa = PBXFileReference; fileEncoding = 30; lastKnownFileType = text.html; path = Credits.html; sourceTree = "<group>"; };
		26F1C1E90BBAB25E0081EE32 /* ApplicationServices.framework */ = {isa = PBXFileReference; lastKnownFileType = wrapper.framework; name = ApplicationServices.framework; path = /System/Library/Frameworks/ApplicationServices.framework; sourceTree = "<absolute>"; };
		29B97319FDCFA39411CA2CEA /* English */ = {isa = PBXFileReference; lastKnownFileType = wrapper.nib; name = English; path = English.lproj/MainMenu.nib; sourceTree = "<group>"; };
		29B97324FDCFA39411CA2CEA /* AppKit.framework */ = {isa = PBXFileReference; lastKnownFileType = wrapper.framework; name = AppKit.framework; path = /System/Library/Frameworks/AppKit.framework; sourceTree = "<absolute>"; };
		29B97325FDCFA39411CA2CEA /* Foundation.framework */ = {isa = PBXFileReference; lastKnownFileType = wrapper.framework; name = Foundation.framework; path = /System/Library/Frameworks/Foundation.framework; sourceTree = "<absolute>"; };
		F58250CB03E860C8011E699C /* FreeWRLView.h */ = {isa = PBXFileReference; fileEncoding = 30; lastKnownFileType = sourcecode.c.h; path = FreeWRLView.h; sourceTree = "<group>"; };
		F58250CC03E860C8011E699C /* FreeWRLView.m */ = {isa = PBXFileReference; fileEncoding = 30; lastKnownFileType = sourcecode.c.objc; path = FreeWRLView.m; sourceTree = "<group>"; };
		F5BD4F0B03A7C545015C2259 /* GLUT.framework */ = {isa = PBXFileReference; lastKnownFileType = wrapper.framework; name = GLUT.framework; path = /System/Library/Frameworks/GLUT.framework; sourceTree = "<absolute>"; };
		F5BD4F1E03A7C558015C2259 /* OpenGL.framework */ = {isa = PBXFileReference; lastKnownFileType = wrapper.framework; name = OpenGL.framework; path = /System/Library/Frameworks/OpenGL.framework; sourceTree = "<absolute>"; };
/* End PBXFileReference section */

/* Begin PBXFrameworksBuildPhase section */
		26A96F3E10066C02005CE65C /* Frameworks */ = {
			isa = PBXFrameworksBuildPhase;
			buildActionMask = 2147483647;
			files = (
				26A96F3F10066C02005CE65C /* Cocoa.framework in Frameworks */,
				26A96F4010066C02005CE65C /* GLUT.framework in Frameworks */,
				26A96F4110066C02005CE65C /* OpenGL.framework in Frameworks */,
				26A96F4210066C02005CE65C /* Carbon.framework in Frameworks */,
				26A96F4310066C02005CE65C /* CoreFoundation.framework in Frameworks */,
				26A96F4410066C02005CE65C /* ApplicationServices.framework in Frameworks */,
			);
			runOnlyForDeploymentPostprocessing = 0;
		};
/* End PBXFrameworksBuildPhase section */

/* Begin PBXGroup section */
		080E96DDFE201D6D7F000001 /* Classes */ = {
			isa = PBXGroup;
			children = (
				F58250CC03E860C8011E699C /* FreeWRLView.m */,
				F58250CB03E860C8011E699C /* FreeWRLView.h */,
				26D901C205CAD25F0070EC3E /* MyApp.h */,
				26D901C305CAD25F0070EC3E /* MyApp.m */,
				26D901F205CAD3B50070EC3E /* MyWindowController.h */,
				26D901F305CAD3B50070EC3E /* MyWindowController.m */,
				266A41A40623305B00292567 /* wdelegate.h */,
				266A41A50623305B00292567 /* wdelegate.m */,
				26D9FF3905C5BCFB0070EC3E /* cfrontend.h */,
				26D9FFC505C84E0D0070EC3E /* cfrontend.m */,
			);
			name = Classes;
			sourceTree = "<group>";
		};
		1058C7A0FEA54F0111CA2CBB /* Linked Frameworks */ = {
			isa = PBXGroup;
			children = (
				26F1C1E90BBAB25E0081EE32 /* ApplicationServices.framework */,
				26C43FE407FC52F7009F4D1C /* CoreFoundation.framework */,
				26C43D7C07FC52AB009F4D1C /* Carbon.framework */,
				1058C7A1FEA54F0111CA2CBB /* Cocoa.framework */,
				F5BD4F0B03A7C545015C2259 /* GLUT.framework */,
				F5BD4F1E03A7C558015C2259 /* OpenGL.framework */,
			);
			name = "Linked Frameworks";
			sourceTree = "<group>";
		};
		1058C7A2FEA54F0111CA2CBB /* Other Frameworks */ = {
			isa = PBXGroup;
			children = (
				29B97325FDCFA39411CA2CEA /* Foundation.framework */,
				29B97324FDCFA39411CA2CEA /* AppKit.framework */,
			);
			name = "Other Frameworks";
			sourceTree = "<group>";
		};
		19C28FACFE9D520D11CA2CBB /* Products */ = {
			isa = PBXGroup;
			children = (
				26A96F6D10066C02005CE65C /* Info-FreeWRL__Upgraded__2.plist */,
				26E17A85100692870074D2FB /* FreeWRL.app */,
			);
			name = Products;
			sourceTree = "<group>";
		};
		2614ADD30B70E75D00757696 /* English.lproj */ = {
			isa = PBXGroup;
			children = (
				2614AE0F0B70E88A00757696 /* HelpFolder */,
				29B97318FDCFA39411CA2CEA /* MainMenu.nib */,
			);
			path = English.lproj;
			sourceTree = "<group>";
		};
		2614AE0F0B70E88A00757696 /* HelpFolder */ = {
			isa = PBXGroup;
			children = (
				2614AE100B70E88A00757696 /* FreeWRLHelp.html */,
			);
			path = HelpFolder;
			sourceTree = "<group>";
		};
		29B97314FDCFA39411CA2CEA /* FreeWRL */ = {
			isa = PBXGroup;
			children = (
				080E96DDFE201D6D7F000001 /* Classes */,
				29B97315FDCFA39411CA2CEA /* Other Sources */,
				29B97323FDCFA39411CA2CEA /* Frameworks */,
				19C28FACFE9D520D11CA2CBB /* Products */,
			);
			name = FreeWRL;
			sourceTree = "<group>";
		};
		29B97315FDCFA39411CA2CEA /* Other Sources */ = {
			isa = PBXGroup;
			children = (
				26554F8A05B6F0E100B3E2A8 /* main.m */,
				262A3D6B05D983570058903B /* aquaInterface.h */,
				262200800BC2BDB200B163E5 /* ReWire_Logo.jpg */,
				2681B5640ED36AB700D7C438 /* VRMLFreeWRLIcon.icns */,
				2681B5670ED36AC200D7C438 /* X3DFreeWRLIcon.icns */,
				26EF153509E2F90B00F8E4F2 /* Credits.html */,
				29B97317FDCFA39411CA2CEA /* Resources */,
			);
			name = "Other Sources";
			sourceTree = "<group>";
		};
		29B97317FDCFA39411CA2CEA /* Resources */ = {
			isa = PBXGroup;
			children = (
				2614ADD30B70E75D00757696 /* English.lproj */,
			);
			name = Resources;
			sourceTree = "<group>";
		};
		29B97323FDCFA39411CA2CEA /* Frameworks */ = {
			isa = PBXGroup;
			children = (
				1058C7A0FEA54F0111CA2CBB /* Linked Frameworks */,
				1058C7A2FEA54F0111CA2CBB /* Other Frameworks */,
			);
			name = Frameworks;
			sourceTree = "<group>";
		};
/* End PBXGroup section */

/* Begin PBXHeadersBuildPhase section */
		26A96F2810066C02005CE65C /* Headers */ = {
			isa = PBXHeadersBuildPhase;
			buildActionMask = 2147483647;
			files = (
				26A96F2910066C02005CE65C /* FreeWRLView.h in Headers */,
				26A96F2A10066C02005CE65C /* cfrontend.h in Headers */,
				26A96F2B10066C02005CE65C /* MyApp.h in Headers */,
				26A96F2C10066C02005CE65C /* MyWindowController.h in Headers */,
				26A96F2D10066C02005CE65C /* aquaInterface.h in Headers */,
				26A96F2E10066C02005CE65C /* wdelegate.h in Headers */,
			);
			runOnlyForDeploymentPostprocessing = 0;
		};
/* End PBXHeadersBuildPhase section */

/* Begin PBXNativeTarget section */
		26A96F2710066C02005CE65C /* library */ = {
			isa = PBXNativeTarget;
			buildConfigurationList = 26A96F4510066C02005CE65C /* Build configuration list for PBXNativeTarget "library" */;
			buildPhases = (
				26A96F2810066C02005CE65C /* Headers */,
				26A96F2F10066C02005CE65C /* Resources */,
				26A96F3710066C02005CE65C /* Sources */,
				26A96F3E10066C02005CE65C /* Frameworks */,
			);
			buildRules = (
			);
			dependencies = (
			);
			name = library;
			productInstallPath = "$(HOME)/Applications";
			productName = FreeWRL;
			productReference = 26E17A85100692870074D2FB /* FreeWRL.app */;
			productType = "com.apple.product-type.application";
		};
/* End PBXNativeTarget section */

/* Begin PBXProject section */
		29B97313FDCFA39411CA2CEA /* Project object */ = {
			isa = PBXProject;
			buildConfigurationList = 2676A368091C0C3E00F127AA /* Build configuration list for PBXProject "FreeWRL" */;
			compatibilityVersion = "Xcode 3.2";
			hasScannedForEncodings = 1;
			mainGroup = 29B97314FDCFA39411CA2CEA /* FreeWRL */;
			projectDirPath = "";
			projectRoot = "";
			targets = (
				26A96F2710066C02005CE65C /* library */,
			);
		};
/* End PBXProject section */

/* Begin PBXResourcesBuildPhase section */
		26A96F2F10066C02005CE65C /* Resources */ = {
			isa = PBXResourcesBuildPhase;
			buildActionMask = 2147483647;
			files = (
				26A96F3110066C02005CE65C /* MainMenu.nib in Resources */,
				26A96F3210066C02005CE65C /* Credits.html in Resources */,
				26A96F3310066C02005CE65C /* FreeWRLHelp.html in Resources */,
				26A96F3410066C02005CE65C /* ReWire_Logo.jpg in Resources */,
				26A96F3510066C02005CE65C /* VRMLFreeWRLIcon.icns in Resources */,
				26A96F3610066C02005CE65C /* X3DFreeWRLIcon.icns in Resources */,
			);
			runOnlyForDeploymentPostprocessing = 0;
		};
/* End PBXResourcesBuildPhase section */

/* Begin PBXSourcesBuildPhase section */
		26A96F3710066C02005CE65C /* Sources */ = {
			isa = PBXSourcesBuildPhase;
			buildActionMask = 2147483647;
			files = (
				26A96F3810066C02005CE65C /* FreeWRLView.m in Sources */,
				26A96F3910066C02005CE65C /* cfrontend.m in Sources */,
				26A96F3A10066C02005CE65C /* main.m in Sources */,
				26A96F3B10066C02005CE65C /* MyApp.m in Sources */,
				26A96F3C10066C02005CE65C /* MyWindowController.m in Sources */,
				26A96F3D10066C02005CE65C /* wdelegate.m in Sources */,
			);
			runOnlyForDeploymentPostprocessing = 0;
		};
/* End PBXSourcesBuildPhase section */

/* Begin PBXVariantGroup section */
		29B97318FDCFA39411CA2CEA /* MainMenu.nib */ = {
			isa = PBXVariantGroup;
			children = (
				29B97319FDCFA39411CA2CEA /* English */,
			);
			name = MainMenu.nib;
			path = ..;
			sourceTree = "<group>";
		};
/* End PBXVariantGroup section */

/* Begin XCBuildConfiguration section */
		2676A369091C0C3E00F127AA /* Development */ = {
			isa = XCBuildConfiguration;
			buildSettings = {
				ARCHS = i386;
				GCC_VERSION = 4.0;
				HEADER_SEARCH_PATHS = "";
				LIBRARY_SEARCH_PATHS = /usr/local/lib;
				MACOSX_DEPLOYMENT_TARGET = 10.4;
				PREBINDING = NO;
				SDKROOT = macosx10.4;
				USER_HEADER_SEARCH_PATHS = "/FreeWRL/freewrl/freex3d/**";
			};
			name = Development;
		};
		2676A36A091C0C3E00F127AA /* Deployment */ = {
			isa = XCBuildConfiguration;
			buildSettings = {
				ARCHS = (
					ppc,
					i386,
					x86_64,
				);
				GCC_VERSION = 4.0;
				"GCC_VERSION[arch=i386]" = 4.0;
				"GCC_VERSION[arch=ppc64]" = 4.0;
				"GCC_VERSION[arch=ppc]" = 4.0;
				HEADER_SEARCH_PATHS = "/FreeWRL/freewrl/OSX/XXX/**";
				LIBRARY_SEARCH_PATHS = /usr/local/lib;
				MACOSX_DEPLOYMENT_TARGET = "";
				"MACOSX_DEPLOYMENT_TARGET[arch=i386]" = 10.4;
				"MACOSX_DEPLOYMENT_TARGET[arch=ppc]" = 10.4;
				"MACOSX_DEPLOYMENT_TARGET[arch=x86_64]" = 10.5;
				ONLY_ACTIVE_ARCH = NO;
				OTHER_CFLAGS = "-DUSE_DOUBLE";
				"OTHER_CFLAGS[arch=i386]" = "-DUSE_FLOAT";
				"OTHER_CFLAGS[arch=ppc]" = "-DUSE_FLOAT";
				OTHER_LDFLAGS = "-lAquaIntLib";
				PREBINDING = NO;
				SDKROOT = "";
				"SDKROOT[arch=i386]" = macosx10.4;
				"SDKROOT[arch=ppc]" = macosx10.4;
				"SDKROOT[arch=x86_64]" = macosx10.5;
				USER_HEADER_SEARCH_PATHS = "/FreeWRL/freewrl/freex3d/**";
				VALID_ARCHS = "ppc i386 x86_64";
			};
			name = Deployment;
		};
		2676A36B091C0C3E00F127AA /* Default */ = {
			isa = XCBuildConfiguration;
			buildSettings = {
				ARCHS = i386;
				LIBRARY_SEARCH_PATHS = /usr/local/lib;
				MACOSX_DEPLOYMENT_TARGET = 10.4;
				PREBINDING = NO;
				SDKROOT = macosx10.4;
				USER_HEADER_SEARCH_PATHS = "/FreeWRL/freewrl/freex3d/**";
			};
			name = Default;
		};
		26A96F4610066C02005CE65C /* Development */ = {
			isa = XCBuildConfiguration;
			buildSettings = {
				COPY_PHASE_STRIP = NO;
				DEFINE = "-DAQUA";
				FRAMEWORK_SEARCH_PATHS = "";
				GCC_DYNAMIC_NO_PIC = NO;
				GCC_ENABLE_FIX_AND_CONTINUE = YES;
				GCC_GENERATE_DEBUGGING_SYMBOLS = YES;
				GCC_OPTIMIZATION_LEVEL = 0;
				HEADER_SEARCH_PATHS = (
					/Users/sarah/FreeWRL/localIncludes/,
					/FreeWRL/freewrl/freex3d/src/lib/,
					/FreeWRL/freewrl/freex3d/src/lib/vrml_parser/,
					/FreeWRL/freewrl/freex3d/src/lib/scenegraph/,
					/FreeWRL/freewrl/freex3d/src/lib/main/,
					/FreeWRL/freewrl/freex3d/src/lib/ui/,
					/FreeWRL/freewrl/freewrl/src/lib/opengl/,
					/FreeWRL/freewrl/freewrl/src/lib/world_script/,
					"$(SYSTEM_LIBRARY_DIR)/Frameworks/OpenGL.framework/Headers",
					/opt/local/include/,
					"$(SYSTEM_LIBRARY_DIR)/Perl/5.8.6/darwin-thread-multi-2level/CORE",
				);
				INFOPLIST_FILE = "Info-FreeWRL__Upgraded_.plist";
				INSTALL_PATH = "$(HOME)/Applications";
				LIBRARY_SEARCH_PATHS = (
					/usr/lib,
					/usr/local/lib,
				);
				OTHER_LDFLAGS = (
					"-lAquaIntLib",
					"-lFreeWRLFunc",
				);
				PRODUCT_NAME = FreeWRL;
				SECTORDER_FLAGS = "";
				WARNING_CFLAGS = (
					"-Wmost",
					"-Wno-four-char-constants",
					"-Wno-unknown-pragmas",
				);
				WRAPPER_EXTENSION = app;
				ZERO_LINK = YES;
			};
			name = Development;
		};
		26A96F4710066C02005CE65C /* Deployment */ = {
			isa = XCBuildConfiguration;
			buildSettings = {
				COPY_PHASE_STRIP = YES;
				DEFINE = "-DAQUA -DTARGET_AQUA";
				"DEFINE[sdk=macosx10.4][arch=*]" = "-DAQUA -DTARGET_AQUA -DUSE_FLOAT";
				"DEFINE[sdk=macosx10.6][arch=*]" = "-DAQUA -DTARGET_AQUA -DUSE_DOUBLE";
				FRAMEWORK_SEARCH_PATHS = "";
				GCC_ENABLE_FIX_AND_CONTINUE = NO;
				HEADER_SEARCH_PATHS = (
					/Users/sarah/FreeWRL/localIncludes/,
					/FreeWRL/freewrl/freex3d/src/lib/,
					/FreeWRL/freewrl/freex3d/src/lib/vrml_parser/,
					/FreeWRL/freewrl/freex3d/src/lib/scenegraph/,
					/FreeWRL/freewrl/freex3d/src/lib/main/,
					/FreeWRL/freewrl/freex3d/src/lib/ui/,
					/FreeWRL/freewrl/freewrl/src/lib/opengl/,
					/FreeWRL/freewrl/freewrl/src/lib/world_script/,
					"$(SYSTEM_LIBRARY_DIR)/Frameworks/OpenGL.framework/Headers",
					/opt/local/include/,
					"$(SYSTEM_LIBRARY_DIR)/Perl/5.8.6/darwin-thread-multi-2level/CORE",
				);
				INFOPLIST_FILE = "Info-FreeWRL__Upgraded_.plist";
				INSTALL_PATH = "$(HOME)/Applications";
				LIBRARY_SEARCH_PATHS = (
					/usr/lib,
					/usr/local/lib,
				);
				OTHER_LDFLAGS = (
					"-lAquaIntLib",
					"-lFreeWRLFunc",
				);
				PRODUCT_NAME = FreeWRL;
				SECTORDER_FLAGS = "";
				WARNING_CFLAGS = (
					"-Wmost",
					"-Wno-four-char-constants",
					"-Wno-unknown-pragmas",
				);
				WRAPPER_EXTENSION = app;
				ZERO_LINK = NO;
			};
			name = Deployment;
		};
		26A96F4810066C02005CE65C /* Default */ = {
			isa = XCBuildConfiguration;
			buildSettings = {
				DEFINE = "-DAQUA";
				FRAMEWORK_SEARCH_PATHS = "";
				HEADER_SEARCH_PATHS = (
					/Users/sarah/FreeWRL/localIncludes/,
					/FreeWRL/freewrl/freex3d/src/lib/,
					/FreeWRL/freewrl/freex3d/src/lib/vrml_parser/,
					/FreeWRL/freewrl/freex3d/src/lib/scenegraph/,
					/FreeWRL/freewrl/freex3d/src/lib/main/,
					/FreeWRL/freewrl/freex3d/src/lib/ui/,
					/FreeWRL/freewrl/freewrl/src/lib/opengl/,
					/FreeWRL/freewrl/freewrl/src/lib/world_script/,
					"$(SYSTEM_LIBRARY_DIR)/Frameworks/OpenGL.framework/Headers",
					/opt/local/include/,
					"$(SYSTEM_LIBRARY_DIR)/Perl/5.8.6/darwin-thread-multi-2level/CORE",
				);
				INFOPLIST_FILE = "Info-FreeWRL__Upgraded_.plist";
				INSTALL_PATH = "$(HOME)/Applications";
				LIBRARY_SEARCH_PATHS = (
					/usr/lib,
					/usr/local/lib,
				);
				OTHER_LDFLAGS = (
					"-lAquaIntLib",
					"-lFreeWRLFunc",
				);
				PRODUCT_NAME = FreeWRL;
				SECTORDER_FLAGS = "";
				WARNING_CFLAGS = (
					"-Wmost",
					"-Wno-four-char-constants",
					"-Wno-unknown-pragmas",
				);
				WRAPPER_EXTENSION = app;
			};
			name = Default;
		};
/* End XCBuildConfiguration section */

/* Begin XCConfigurationList section */
		2676A368091C0C3E00F127AA /* Build configuration list for PBXProject "FreeWRL" */ = {
			isa = XCConfigurationList;
			buildConfigurations = (
				2676A369091C0C3E00F127AA /* Development */,
				2676A36A091C0C3E00F127AA /* Deployment */,
				2676A36B091C0C3E00F127AA /* Default */,
			);
			defaultConfigurationIsVisible = 0;
			defaultConfigurationName = Default;
		};
		26A96F4510066C02005CE65C /* Build configuration list for PBXNativeTarget "library" */ = {
			isa = XCConfigurationList;
			buildConfigurations = (
				26A96F4610066C02005CE65C /* Development */,
				26A96F4710066C02005CE65C /* Deployment */,
				26A96F4810066C02005CE65C /* Default */,
			);
			defaultConfigurationIsVisible = 0;
			defaultConfigurationName = Default;
		};
/* End XCConfigurationList section */
	};
	rootObject = 29B97313FDCFA39411CA2CEA /* Project object */;
}
